// !$*UTF8*$!
{
	archiveVersion = 1;
	classes = {
	};
	objectVersion = 48;
	objects = {

/* Begin PBXBuildFile section */
		5FD47DDD2008CBD6007C9AEA /* AppDelegate.swift in Sources */ = {isa = PBXBuildFile; fileRef = 5FD47DDC2008CBD6007C9AEA /* AppDelegate.swift */; };
		5FD47DDF2008CBD6007C9AEA /* ViewController.swift in Sources */ = {isa = PBXBuildFile; fileRef = 5FD47DDE2008CBD6007C9AEA /* ViewController.swift */; };
		5FD47DE22008CBD6007C9AEA /* Main.storyboard in Resources */ = {isa = PBXBuildFile; fileRef = 5FD47DE02008CBD6007C9AEA /* Main.storyboard */; };
		5FD47DE42008CBD6007C9AEA /* Assets.xcassets in Resources */ = {isa = PBXBuildFile; fileRef = 5FD47DE32008CBD6007C9AEA /* Assets.xcassets */; };
		5FD47DE72008CBD6007C9AEA /* LaunchScreen.storyboard in Resources */ = {isa = PBXBuildFile; fileRef = 5FD47DE52008CBD6007C9AEA /* LaunchScreen.storyboard */; };
/* End PBXBuildFile section */

/* Begin PBXFileReference section */
		5FD47DD92008CBD6007C9AEA /* TestOfBackgroundProcessing.app */ = {isa = PBXFileReference; explicitFileType = wrapper.application; includeInIndex = 0; path = TestOfBackgroundProcessing.app; sourceTree = BUILT_PRODUCTS_DIR; };
		5FD47DDC2008CBD6007C9AEA /* AppDelegate.swift */ = {isa = PBXFileReference; lastKnownFileType = sourcecode.swift; path = AppDelegate.swift; sourceTree = "<group>"; };
		5FD47DDE2008CBD6007C9AEA /* ViewController.swift */ = {isa = PBXFileReference; lastKnownFileType = sourcecode.swift; path = ViewController.swift; sourceTree = "<group>"; };
		5FD47DE12008CBD6007C9AEA /* Base */ = {isa = PBXFileReference; lastKnownFileType = file.storyboard; name = Base; path = Base.lproj/Main.storyboard; sourceTree = "<group>"; };
		5FD47DE32008CBD6007C9AEA /* Assets.xcassets */ = {isa = PBXFileReference; lastKnownFileType = folder.assetcatalog; path = Assets.xcassets; sourceTree = "<group>"; };
		5FD47DE62008CBD6007C9AEA /* Base */ = {isa = PBXFileReference; lastKnownFileType = file.storyboard; name = Base; path = Base.lproj/LaunchScreen.storyboard; sourceTree = "<group>"; };
		5FD47DE82008CBD6007C9AEA /* Info.plist */ = {isa = PBXFileReference; lastKnownFileType = text.plist.xml; path = Info.plist; sourceTree = "<group>"; };
/* End PBXFileReference section */

/* Begin PBXFrameworksBuildPhase section */
		5FD47DD62008CBD6007C9AEA /* Frameworks */ = {
			isa = PBXFrameworksBuildPhase;
			buildActionMask = 2147483647;
			files = (
			);
			runOnlyForDeploymentPostprocessing = 0;
		};
/* End PBXFrameworksBuildPhase section */

/* Begin PBXGroup section */
		5FD47DD02008CBD6007C9AEA = {
			isa = PBXGroup;
			children = (
				5FD47DDB2008CBD6007C9AEA /* TestOfBackgroundProcessing */,
				5FD47DDA2008CBD6007C9AEA /* Products */,
			);
			sourceTree = "<group>";
		};
		5FD47DDA2008CBD6007C9AEA /* Products */ = {
			isa = PBXGroup;
			children = (
				5FD47DD92008CBD6007C9AEA /* TestOfBackgroundProcessing.app */,
			);
			name = Products;
			sourceTree = "<group>";
		};
		5FD47DDB2008CBD6007C9AEA /* TestOfBackgroundProcessing */ = {
			isa = PBXGroup;
			children = (
				5FD47DDC2008CBD6007C9AEA /* AppDelegate.swift */,
				5FD47DDE2008CBD6007C9AEA /* ViewController.swift */,
				5FD47DE02008CBD6007C9AEA /* Main.storyboard */,
				5FD47DE32008CBD6007C9AEA /* Assets.xcassets */,
				5FD47DE52008CBD6007C9AEA /* LaunchScreen.storyboard */,
				5FD47DE82008CBD6007C9AEA /* Info.plist */,
			);
			path = TestOfBackgroundProcessing;
			sourceTree = "<group>";
		};
/* End PBXGroup section */

/* Begin PBXNativeTarget section */
		5FD47DD82008CBD6007C9AEA /* TestOfBackgroundProcessing */ = {
			isa = PBXNativeTarget;
			buildConfigurationList = 5FD47DEB2008CBD6007C9AEA /* Build configuration list for PBXNativeTarget "TestOfBackgroundProcessing" */;
			buildPhases = (
				5FD47DD52008CBD6007C9AEA /* Sources */,
				5FD47DD62008CBD6007C9AEA /* Frameworks */,
				5FD47DD72008CBD6007C9AEA /* Resources */,
			);
			buildRules = (
			);
			dependencies = (
			);
			name = TestOfBackgroundProcessing;
			productName = TestOfBackgroundProcessing;
			productReference = 5FD47DD92008CBD6007C9AEA /* TestOfBackgroundProcessing.app */;
			productType = "com.apple.product-type.application";
		};
/* End PBXNativeTarget section */

/* Begin PBXProject section */
		5FD47DD12008CBD6007C9AEA /* Project object */ = {
			isa = PBXProject;
			attributes = {
				LastSwiftUpdateCheck = 0920;
				LastUpgradeCheck = 0920;
				ORGANIZATIONNAME = Ixonos;
				TargetAttributes = {
					5FD47DD82008CBD6007C9AEA = {
						CreatedOnToolsVersion = 9.2;
						ProvisioningStyle = Automatic;
					};
				};
			};
			buildConfigurationList = 5FD47DD42008CBD6007C9AEA /* Build configuration list for PBXProject "TestOfBackgroundProcessing" */;
			compatibilityVersion = "Xcode 8.0";
			developmentRegion = en;
			hasScannedForEncodings = 0;
			knownRegions = (
				en,
				Base,
			);
			mainGroup = 5FD47DD02008CBD6007C9AEA;
			productRefGroup = 5FD47DDA2008CBD6007C9AEA /* Products */;
			projectDirPath = "";
			projectRoot = "";
			targets = (
				5FD47DD82008CBD6007C9AEA /* TestOfBackgroundProcessing */,
			);
		};
/* End PBXProject section */

/* Begin PBXResourcesBuildPhase section */
		5FD47DD72008CBD6007C9AEA /* Resources */ = {
			isa = PBXResourcesBuildPhase;
			buildActionMask = 2147483647;
			files = (
				5FD47DE72008CBD6007C9AEA /* LaunchScreen.storyboard in Resources */,
				5FD47DE42008CBD6007C9AEA /* Assets.xcassets in Resources */,
				5FD47DE22008CBD6007C9AEA /* Main.storyboard in Resources */,
			);
			runOnlyForDeploymentPostprocessing = 0;
		};
/* End PBXResourcesBuildPhase section */

/* Begin PBXSourcesBuildPhase section */
		5FD47DD52008CBD6007C9AEA /* Sources */ = {
			isa = PBXSourcesBuildPhase;
			buildActionMask = 2147483647;
			files = (
				5FD47DDF2008CBD6007C9AEA /* ViewController.swift in Sources */,
				5FD47DDD2008CBD6007C9AEA /* AppDelegate.swift in Sources */,
			);
			runOnlyForDeploymentPostprocessing = 0;
		};
/* End PBXSourcesBuildPhase section */

/* Begin PBXVariantGroup section */
		5FD47DE02008CBD6007C9AEA /* Main.storyboard */ = {
			isa = PBXVariantGroup;
			children = (
				5FD47DE12008CBD6007C9AEA /* Base */,
			);
			name = Main.storyboard;
			sourceTree = "<group>";
		};
		5FD47DE52008CBD6007C9AEA /* LaunchScreen.storyboard */ = {
			isa = PBXVariantGroup;
			children = (
				5FD47DE62008CBD6007C9AEA /* Base */,
			);
			name = LaunchScreen.storyboard;
			sourceTree = "<group>";
		};
/* End PBXVariantGroup section */

/* Begin XCBuildConfiguration section */
		5FD47DE92008CBD6007C9AEA /* Debug */ = {
			isa = XCBuildConfiguration;
			buildSettings = {
				ALWAYS_SEARCH_USER_PATHS = NO;
				CLANG_ANALYZER_NONNULL = YES;
				CLANG_ANALYZER_NUMBER_OBJECT_CONVERSION = YES_AGGRESSIVE;
				CLANG_CXX_LANGUAGE_STANDARD = "gnu++14";
				CLANG_CXX_LIBRARY = "libc++";
				CLANG_ENABLE_MODULES = YES;
				CLANG_ENABLE_OBJC_ARC = YES;
				CLANG_WARN_BLOCK_CAPTURE_AUTORELEASING = YES;
				CLANG_WARN_BOOL_CONVERSION = YES;
				CLANG_WARN_COMMA = YES;
				CLANG_WARN_CONSTANT_CONVERSION = YES;
				CLANG_WARN_DIRECT_OBJC_ISA_USAGE = YES_ERROR;
				CLANG_WARN_DOCUMENTATION_COMMENTS = YES;
				CLANG_WARN_EMPTY_BODY = YES;
				CLANG_WARN_ENUM_CONVERSION = YES;
				CLANG_WARN_INFINITE_RECURSION = YES;
				CLANG_WARN_INT_CONVERSION = YES;
				CLANG_WARN_NON_LITERAL_NULL_CONVERSION = YES;
				CLANG_WARN_OBJC_LITERAL_CONVERSION = YES;
				CLANG_WARN_OBJC_ROOT_CLASS = YES_ERROR;
				CLANG_WARN_RANGE_LOOP_ANALYSIS = YES;
				CLANG_WARN_STRICT_PROTOTYPES = YES;
				CLANG_WARN_SUSPICIOUS_MOVE = YES;
				CLANG_WARN_UNGUARDED_AVAILABILITY = YES_AGGRESSIVE;
				CLANG_WARN_UNREACHABLE_CODE = YES;
				CLANG_WARN__DUPLICATE_METHOD_MATCH = YES;
				CODE_SIGN_IDENTITY = "iPhone Developer";
				COPY_PHASE_STRIP = NO;
				DEBUG_INFORMATION_FORMAT = dwarf;
				ENABLE_STRICT_OBJC_MSGSEND = YES;
				ENABLE_TESTABILITY = YES;
				GCC_C_LANGUAGE_STANDARD = gnu11;
				GCC_DYNAMIC_NO_PIC = NO;
				GCC_NO_COMMON_BLOCKS = YES;
				GCC_OPTIMIZATION_LEVEL = 0;
				GCC_PREPROCESSOR_DEFINITIONS = (
					"DEBUG=1",
					"$(inherited)",
				);
				GCC_WARN_64_TO_32_BIT_CONVERSION = YES;
				GCC_WARN_ABOUT_RETURN_TYPE = YES_ERROR;
				GCC_WARN_UNDECLARED_SELECTOR = YES;
				GCC_WARN_UNINITIALIZED_AUTOS = YES_AGGRESSIVE;
				GCC_WARN_UNUSED_FUNCTION = YES;
				GCC_WARN_UNUSED_VARIABLE = YES;
				IPHONEOS_DEPLOYMENT_TARGET = 11.2;
				MTL_ENABLE_DEBUG_INFO = YES;
				ONLY_ACTIVE_ARCH = YES;
				SDKROOT = iphoneos;
				SWIFT_ACTIVE_COMPILATION_CONDITIONS = DEBUG;
				SWIFT_OPTIMIZATION_LEVEL = "-Onone";
			};
			name = Debug;
		};
		5FD47DEA2008CBD6007C9AEA /* Release */ = {
			isa = XCBuildConfiguration;
			buildSettings = {
				ALWAYS_SEARCH_USER_PATHS = NO;
				CLANG_ANALYZER_NONNULL = YES;
				CLANG_ANALYZER_NUMBER_OBJECT_CONVERSION = YES_AGGRESSIVE;
				CLANG_CXX_LANGUAGE_STANDARD = "gnu++14";
				CLANG_CXX_LIBRARY = "libc++";
				CLANG_ENABLE_MODULES = YES;
				CLANG_ENABLE_OBJC_ARC = YES;
				CLANG_WARN_BLOCK_CAPTURE_AUTORELEASING = YES;
				CLANG_WARN_BOOL_CONVERSION = YES;
				CLANG_WARN_COMMA = YES;
				CLANG_WARN_CONSTANT_CONVERSION = YES;
				CLANG_WARN_DIRECT_OBJC_ISA_USAGE = YES_ERROR;
				CLANG_WARN_DOCUMENTATION_COMMENTS = YES;
				CLANG_WARN_EMPTY_BODY = YES;
				CLANG_WARN_ENUM_CONVERSION = YES;
				CLANG_WARN_INFINITE_RECURSION = YES;
				CLANG_WARN_INT_CONVERSION = YES;
				CLANG_WARN_NON_LITERAL_NULL_CONVERSION = YES;
				CLANG_WARN_OBJC_LITERAL_CONVERSION = YES;
				CLANG_WARN_OBJC_ROOT_CLASS = YES_ERROR;
				CLANG_WARN_RANGE_LOOP_ANALYSIS = YES;
				CLANG_WARN_STRICT_PROTOTYPES = YES;
				CLANG_WARN_SUSPICIOUS_MOVE = YES;
				CLANG_WARN_UNGUARDED_AVAILABILITY = YES_AGGRESSIVE;
				CLANG_WARN_UNREACHABLE_CODE = YES;
				CLANG_WARN__DUPLICATE_METHOD_MATCH = YES;
				CODE_SIGN_IDENTITY = "iPhone Developer";
				COPY_PHASE_STRIP = NO;
				DEBUG_INFORMATION_FORMAT = "dwarf-with-dsym";
				ENABLE_NS_ASSERTIONS = NO;
				ENABLE_STRICT_OBJC_MSGSEND = YES;
				GCC_C_LANGUAGE_STANDARD = gnu11;
				GCC_NO_COMMON_BLOCKS = YES;
				GCC_WARN_64_TO_32_BIT_CONVERSION = YES;
				GCC_WARN_ABOUT_RETURN_TYPE = YES_ERROR;
				GCC_WARN_UNDECLARED_SELECTOR = YES;
				GCC_WARN_UNINITIALIZED_AUTOS = YES_AGGRESSIVE;
				GCC_WARN_UNUSED_FUNCTION = YES;
				GCC_WARN_UNUSED_VARIABLE = YES;
				IPHONEOS_DEPLOYMENT_TARGET = 11.2;
				MTL_ENABLE_DEBUG_INFO = NO;
				SDKROOT = iphoneos;
				SWIFT_OPTIMIZATION_LEVEL = "-Owholemodule";
				VALIDATE_PRODUCT = YES;
			};
			name = Release;
		};
		5FD47DEC2008CBD6007C9AEA /* Debug */ = {
			isa = XCBuildConfiguration;
			buildSettings = {
				ASSETCATALOG_COMPILER_APPICON_NAME = AppIcon;
				CODE_SIGN_STYLE = Automatic;
				DEVELOPMENT_TEAM = 35M8627J6B;
				INFOPLIST_FILE = TestOfBackgroundProcessing/Info.plist;
				LD_RUNPATH_SEARCH_PATHS = "$(inherited) @executable_path/Frameworks";
				PRODUCT_BUNDLE_IDENTIFIER = com.ixonos.TestOfBackgroundProcessing;
				PRODUCT_NAME = "$(TARGET_NAME)";
				SWIFT_VERSION = 4.0;
				TARGETED_DEVICE_FAMILY = "1,2";
			};
			name = Debug;
		};
		5FD47DED2008CBD6007C9AEA /* Release */ = {
			isa = XCBuildConfiguration;
			buildSettings = {
				ASSETCATALOG_COMPILER_APPICON_NAME = AppIcon;
				CODE_SIGN_STYLE = Automatic;
				DEVELOPMENT_TEAM = 35M8627J6B;
				INFOPLIST_FILE = TestOfBackgroundProcessing/Info.plist;
				LD_RUNPATH_SEARCH_PATHS = "$(inherited) @executable_path/Frameworks";
				PRODUCT_BUNDLE_IDENTIFIER = com.ixonos.TestOfBackgroundProcessing;
				PRODUCT_NAME = "$(TARGET_NAME)";
				SWIFT_VERSION = 4.0;
				TARGETED_DEVICE_FAMILY = "1,2";
			};
			name = Release;
		};
/* End XCBuildConfiguration section */

/* Begin XCConfigurationList section */
		5FD47DD42008CBD6007C9AEA /* Build configuration list for PBXProject "TestOfBackgroundProcessing" */ = {
			isa = XCConfigurationList;
			buildConfigurations = (
				5FD47DE92008CBD6007C9AEA /* Debug */,
				5FD47DEA2008CBD6007C9AEA /* Release */,
			);
			defaultConfigurationIsVisible = 0;
			defaultConfigurationName = Release;
		};
		5FD47DEB2008CBD6007C9AEA /* Build configuration list for PBXNativeTarget "TestOfBackgroundProcessing" */ = {
			isa = XCConfigurationList;
			buildConfigurations = (
				5FD47DEC2008CBD6007C9AEA /* Debug */,
				5FD47DED2008CBD6007C9AEA /* Release */,
			);
			defaultConfigurationIsVisible = 0;
			defaultConfigurationName = Release;
		};
/* End XCConfigurationList section */
	};
	rootObject = 5FD47DD12008CBD6007C9AEA /* Project object */;
}
